<?xml version="1.0" encoding="utf-8"?>
<Project ToolsVersion="4.0" xmlns="http://schemas.microsoft.com/developer/msbuild/2003">
  <ItemGroup>
    <ClCompile Include="main.cpp" />
    <ClCompile Include="Precompiled.cpp">
      <Filter>Precompiled</Filter>
    </ClCompile>
    <ClCompile Include="SteeringBehavior.cpp">
      <Filter>Butterflies</Filter>
    </ClCompile>
    <ClCompile Include="Agent.cpp">
      <Filter>Butterflies</Filter>
    </ClCompile>
    <ClCompile Include="Butterfly.cpp">
      <Filter>Butterflies</Filter>
    </ClCompile>
    <ClCompile Include="SteeringModule.cpp">
      <Filter>Butterflies</Filter>
    </ClCompile>
    <ClCompile Include="MathUtilties.cpp">
      <Filter>Utilities</Filter>
    </ClCompile>
    <ClCompile Include="Character.cpp">
      <Filter>Character</Filter>
    </ClCompile>
    <ClCompile Include="Bullet.cpp">
      <Filter>Character</Filter>
    </ClCompile>
  </ItemGroup>
  <ItemGroup>
    <Filter Include="Precompiled">
      <UniqueIdentifier>{92f1c73a-c2ea-4322-afec-74c388668350}</UniqueIdentifier>
    </Filter>
    <Filter Include="Butterflies">
      <UniqueIdentifier>{17326366-f86d-4101-a670-708fd8c8c029}</UniqueIdentifier>
    </Filter>
    <Filter Include="Utilities">
      <UniqueIdentifier>{c48d3f36-7d89-491e-aa49-fd5a66b7a1d4}</UniqueIdentifier>
    </Filter>
    <Filter Include="Character">
      <UniqueIdentifier>{d42e3178-86ef-486e-9340-c231db1c36dd}</UniqueIdentifier>
    </Filter>
  </ItemGroup>
  <ItemGroup>
    <ClInclude Include="Precompiled.h">
      <Filter>Precompiled</Filter>
    </ClInclude>
    <ClInclude Include="Agent.h">
      <Filter>Butterflies</Filter>
    </ClInclude>
    <ClInclude Include="SteeringBehavior.h">
      <Filter>Butterflies</Filter>
    </ClInclude>
    <ClInclude Include="Butterfly.h">
      <Filter>Butterflies</Filter>
    </ClInclude>
    <ClInclude Include="SteeringModule.h">
      <Filter>Butterflies</Filter>
    </ClInclude>
    <ClInclude Include="Behaviors.h">
      <Filter>Butterflies</Filter>
    </ClInclude>
    <ClInclude Include="MathUtilites.h">
      <Filter>Utilities</Filter>
    </ClInclude>
    <ClInclude Include="Character.h">
      <Filter>Character</Filter>
    </ClInclude>
    <ClInclude Include="Bullet.h">
      <Filter>Character</Filter>
    </ClInclude>
  </ItemGroup>
</Project>