
Microsoft Visual Studio Solution File, Format Version 12.00
# Visual Studio 15
VisualStudioVersion = 15.0.28307.136
MinimumVisualStudioVersion = 10.0.40219.1
Project("{8BC9CEB8-8B4A-11D0-8D11-00A0C91BC942}") = "Assignment02", "Assignment02\Assignment02.vcxproj", "{352DA9AA-AD1A-423F-A51F-F441CB85E48C}"
EndProject
Project("{8BC9CEB8-8B4A-11D0-8D11-00A0C91BC942}") = "Assignment01", "Assignment01\Assignment01.vcxproj", "{320269FD-FE6F-4CB2-B630-8F1ADC6DA0CF}"
EndProject
Project("{8BC9CEB8-8B4A-11D0-8D11-00A0C91BC942}") = "Assignment03", "Assignment03\Assignment03.vcxproj", "{5C930AC1-4472-4F2A-92FB-5074DE65DD5C}"
EndProject
Project("{8BC9CEB8-8B4A-11D0-8D11-00A0C91BC942}") = "Assignment04", "Assignment04\Assignment04.vcxproj", "{BA4D1546-9BA1-4557-87ED-ABB4B62A0711}"
EndProject
Project("{8BC9CEB8-8B4A-11D0-8D11-00A0C91BC942}") = "GuessingGame", "GuessingGame\GuessingGame.vcxproj", "{1F3F0869-0C48-4E10-8BC6-27DEAE23B87B}"
EndProject
Project("{8BC9CEB8-8B4A-11D0-8D11-00A0C91BC942}") = "Kickfighter", "Kickfighter\Kickfighter.vcxproj", "{A847C1B1-91FF-4D08-B284-766095FAB57F}"
EndProject
Project("{8BC9CEB8-8B4A-11D0-8D11-00A0C91BC942}") = "Assignment09", "Assignment09\Assignment09.vcxproj", "{149809F1-25AA-46D0-AD8F-0F29095BB427}"
EndProject
Project("{8BC9CEB8-8B4A-11D0-8D11-00A0C91BC942}") = "Assignment10", "Assignment10\Assignment10.vcxproj", "{F14A9BBD-982A-412F-AB66-5739A6D1EBF8}"
EndProject
Project("{8BC9CEB8-8B4A-11D0-8D11-00A0C91BC942}") = "Assignment07", "Assignment07\Assignment07.vcxproj", "{9E87C5A8-4137-4B22-BDC6-E33FD34E87A8}"
EndProject
Project("{8BC9CEB8-8B4A-11D0-8D11-00A0C91BC942}") = "Assignment16", "Assignment16\Assignment16.vcxproj", "{FFB61EEC-0DE8-4FEA-9747-1CE3F6298F53}"
EndProject
Project("{8BC9CEB8-8B4A-11D0-8D11-00A0C91BC942}") = "Assignment19", "Assignment19\Assignment19.vcxproj", "{6D99C968-BA10-4EA5-87F4-AB35C1A9AF12}"
EndProject
Project("{8BC9CEB8-8B4A-11D0-8D11-00A0C91BC942}") = "Assignment17", "Assignment17\Assignment17.vcxproj", "{C3177A7B-06E2-4663-8E10-02AF50C66AC2}"
EndProject
Project("{8BC9CEB8-8B4A-11D0-8D11-00A0C91BC942}") = "Assignment13", "Assignment13\Assignment13.vcxproj", "{3C820879-7A6B-4AAF-8967-32FFA699096D}"
EndProject
Global
	GlobalSection(SolutionConfigurationPlatforms) = preSolution
		Debug|ARM = Debug|ARM
		Debug|ARM64 = Debug|ARM64
		Debug|x64 = Debug|x64
		Debug|x86 = Debug|x86
		Release|ARM = Release|ARM
		Release|ARM64 = Release|ARM64
		Release|x64 = Release|x64
		Release|x86 = Release|x86
	EndGlobalSection
	GlobalSection(ProjectConfigurationPlatforms) = postSolution
		{352DA9AA-AD1A-423F-A51F-F441CB85E48C}.Debug|ARM.ActiveCfg = Debug|Win32
		{352DA9AA-AD1A-423F-A51F-F441CB85E48C}.Debug|ARM64.ActiveCfg = Debug|Win32
		{352DA9AA-AD1A-423F-A51F-F441CB85E48C}.Debug|x64.ActiveCfg = Debug|x64
		{352DA9AA-AD1A-423F-A51F-F441CB85E48C}.Debug|x64.Build.0 = Debug|x64
		{352DA9AA-AD1A-423F-A51F-F441CB85E48C}.Debug|x86.ActiveCfg = Debug|Win32
		{352DA9AA-AD1A-423F-A51F-F441CB85E48C}.Debug|x86.Build.0 = Debug|Win32
		{352DA9AA-AD1A-423F-A51F-F441CB85E48C}.Release|ARM.ActiveCfg = Release|Win32
		{352DA9AA-AD1A-423F-A51F-F441CB85E48C}.Release|ARM64.ActiveCfg = Release|Win32
		{352DA9AA-AD1A-423F-A51F-F441CB85E48C}.Release|x64.ActiveCfg = Release|x64
		{352DA9AA-AD1A-423F-A51F-F441CB85E48C}.Release|x64.Build.0 = Release|x64
		{352DA9AA-AD1A-423F-A51F-F441CB85E48C}.Release|x86.ActiveCfg = Release|Win32
		{352DA9AA-AD1A-423F-A51F-F441CB85E48C}.Release|x86.Build.0 = Release|Win32
		{320269FD-FE6F-4CB2-B630-8F1ADC6DA0CF}.Debug|ARM.ActiveCfg = Debug|Win32
		{320269FD-FE6F-4CB2-B630-8F1ADC6DA0CF}.Debug|ARM64.ActiveCfg = Debug|Win32
		{320269FD-FE6F-4CB2-B630-8F1ADC6DA0CF}.Debug|x64.ActiveCfg = Debug|x64
		{320269FD-FE6F-4CB2-B630-8F1ADC6DA0CF}.Debug|x64.Build.0 = Debug|x64
		{320269FD-FE6F-4CB2-B630-8F1ADC6DA0CF}.Debug|x86.ActiveCfg = Debug|Win32
		{320269FD-FE6F-4CB2-B630-8F1ADC6DA0CF}.Debug|x86.Build.0 = Debug|Win32
		{320269FD-FE6F-4CB2-B630-8F1ADC6DA0CF}.Release|ARM.ActiveCfg = Release|Win32
		{320269FD-FE6F-4CB2-B630-8F1ADC6DA0CF}.Release|ARM64.ActiveCfg = Release|Win32
		{320269FD-FE6F-4CB2-B630-8F1ADC6DA0CF}.Release|x64.ActiveCfg = Release|x64
		{320269FD-FE6F-4CB2-B630-8F1ADC6DA0CF}.Release|x64.Build.0 = Release|x64
		{320269FD-FE6F-4CB2-B630-8F1ADC6DA0CF}.Release|x86.ActiveCfg = Release|Win32
		{320269FD-FE6F-4CB2-B630-8F1ADC6DA0CF}.Release|x86.Build.0 = Release|Win32
		{5C930AC1-4472-4F2A-92FB-5074DE65DD5C}.Debug|ARM.ActiveCfg = Debug|Win32
		{5C930AC1-4472-4F2A-92FB-5074DE65DD5C}.Debug|ARM64.ActiveCfg = Debug|Win32
		{5C930AC1-4472-4F2A-92FB-5074DE65DD5C}.Debug|x64.ActiveCfg = Debug|x64
		{5C930AC1-4472-4F2A-92FB-5074DE65DD5C}.Debug|x64.Build.0 = Debug|x64
		{5C930AC1-4472-4F2A-92FB-5074DE65DD5C}.Debug|x86.ActiveCfg = Debug|Win32
		{5C930AC1-4472-4F2A-92FB-5074DE65DD5C}.Debug|x86.Build.0 = Debug|Win32
		{5C930AC1-4472-4F2A-92FB-5074DE65DD5C}.Release|ARM.ActiveCfg = Release|Win32
		{5C930AC1-4472-4F2A-92FB-5074DE65DD5C}.Release|ARM64.ActiveCfg = Release|Win32
		{5C930AC1-4472-4F2A-92FB-5074DE65DD5C}.Release|x64.ActiveCfg = Release|x64
		{5C930AC1-4472-4F2A-92FB-5074DE65DD5C}.Release|x64.Build.0 = Release|x64
		{5C930AC1-4472-4F2A-92FB-5074DE65DD5C}.Release|x86.ActiveCfg = Release|Win32
		{5C930AC1-4472-4F2A-92FB-5074DE65DD5C}.Release|x86.Build.0 = Release|Win32
		{BA4D1546-9BA1-4557-87ED-ABB4B62A0711}.Debug|ARM.ActiveCfg = Debug|Win32
		{BA4D1546-9BA1-4557-87ED-ABB4B62A0711}.Debug|ARM64.ActiveCfg = Debug|Win32
		{BA4D1546-9BA1-4557-87ED-ABB4B62A0711}.Debug|x64.ActiveCfg = Debug|x64
		{BA4D1546-9BA1-4557-87ED-ABB4B62A0711}.Debug|x64.Build.0 = Debug|x64
		{BA4D1546-9BA1-4557-87ED-ABB4B62A0711}.Debug|x86.ActiveCfg = Debug|Win32
		{BA4D1546-9BA1-4557-87ED-ABB4B62A0711}.Debug|x86.Build.0 = Debug|Win32
		{BA4D1546-9BA1-4557-87ED-ABB4B62A0711}.Release|ARM.ActiveCfg = Release|Win32
		{BA4D1546-9BA1-4557-87ED-ABB4B62A0711}.Release|ARM64.ActiveCfg = Release|Win32
		{BA4D1546-9BA1-4557-87ED-ABB4B62A0711}.Release|x64.ActiveCfg = Release|x64
		{BA4D1546-9BA1-4557-87ED-ABB4B62A0711}.Release|x64.Build.0 = Release|x64
		{BA4D1546-9BA1-4557-87ED-ABB4B62A0711}.Release|x86.ActiveCfg = Release|Win32
		{BA4D1546-9BA1-4557-87ED-ABB4B62A0711}.Release|x86.Build.0 = Release|Win32
		{1F3F0869-0C48-4E10-8BC6-27DEAE23B87B}.Debug|ARM.ActiveCfg = Debug|Win32
		{1F3F0869-0C48-4E10-8BC6-27DEAE23B87B}.Debug|ARM64.ActiveCfg = Debug|Win32
		{1F3F0869-0C48-4E10-8BC6-27DEAE23B87B}.Debug|x64.ActiveCfg = Debug|x64
		{1F3F0869-0C48-4E10-8BC6-27DEAE23B87B}.Debug|x64.Build.0 = Debug|x64
		{1F3F0869-0C48-4E10-8BC6-27DEAE23B87B}.Debug|x86.ActiveCfg = Debug|Win32
		{1F3F0869-0C48-4E10-8BC6-27DEAE23B87B}.Debug|x86.Build.0 = Debug|Win32
		{1F3F0869-0C48-4E10-8BC6-27DEAE23B87B}.Release|ARM.ActiveCfg = Release|Win32
		{1F3F0869-0C48-4E10-8BC6-27DEAE23B87B}.Release|ARM64.ActiveCfg = Release|Win32
		{1F3F0869-0C48-4E10-8BC6-27DEAE23B87B}.Release|x64.ActiveCfg = Release|x64
		{1F3F0869-0C48-4E10-8BC6-27DEAE23B87B}.Release|x64.Build.0 = Release|x64
		{1F3F0869-0C48-4E10-8BC6-27DEAE23B87B}.Release|x86.ActiveCfg = Release|Win32
		{1F3F0869-0C48-4E10-8BC6-27DEAE23B87B}.Release|x86.Build.0 = Release|Win32
		{A847C1B1-91FF-4D08-B284-766095FAB57F}.Debug|ARM.ActiveCfg = Debug|Win32
		{A847C1B1-91FF-4D08-B284-766095FAB57F}.Debug|ARM64.ActiveCfg = Debug|Win32
		{A847C1B1-91FF-4D08-B284-766095FAB57F}.Debug|x64.ActiveCfg = Debug|x64
		{A847C1B1-91FF-4D08-B284-766095FAB57F}.Debug|x64.Build.0 = Debug|x64
		{A847C1B1-91FF-4D08-B284-766095FAB57F}.Debug|x86.ActiveCfg = Debug|Win32
		{A847C1B1-91FF-4D08-B284-766095FAB57F}.Debug|x86.Build.0 = Debug|Win32
		{A847C1B1-91FF-4D08-B284-766095FAB57F}.Release|ARM.ActiveCfg = Release|Win32
		{A847C1B1-91FF-4D08-B284-766095FAB57F}.Release|ARM64.ActiveCfg = Release|Win32
		{A847C1B1-91FF-4D08-B284-766095FAB57F}.Release|x64.ActiveCfg = Release|x64
		{A847C1B1-91FF-4D08-B284-766095FAB57F}.Release|x64.Build.0 = Release|x64
		{A847C1B1-91FF-4D08-B284-766095FAB57F}.Release|x86.ActiveCfg = Release|Win32
		{A847C1B1-91FF-4D08-B284-766095FAB57F}.Release|x86.Build.0 = Release|Win32
		{149809F1-25AA-46D0-AD8F-0F29095BB427}.Debug|ARM.ActiveCfg = Debug|Win32
		{149809F1-25AA-46D0-AD8F-0F29095BB427}.Debug|ARM64.ActiveCfg = Debug|Win32
		{149809F1-25AA-46D0-AD8F-0F29095BB427}.Debug|x64.ActiveCfg = Debug|x64
		{149809F1-25AA-46D0-AD8F-0F29095BB427}.Debug|x64.Build.0 = Debug|x64
		{149809F1-25AA-46D0-AD8F-0F29095BB427}.Debug|x86.ActiveCfg = Debug|Win32
		{149809F1-25AA-46D0-AD8F-0F29095BB427}.Debug|x86.Build.0 = Debug|Win32
		{149809F1-25AA-46D0-AD8F-0F29095BB427}.Release|ARM.ActiveCfg = Release|Win32
		{149809F1-25AA-46D0-AD8F-0F29095BB427}.Release|ARM64.ActiveCfg = Release|Win32
		{149809F1-25AA-46D0-AD8F-0F29095BB427}.Release|x64.ActiveCfg = Release|x64
		{149809F1-25AA-46D0-AD8F-0F29095BB427}.Release|x64.Build.0 = Release|x64
		{149809F1-25AA-46D0-AD8F-0F29095BB427}.Release|x86.ActiveCfg = Release|Win32
		{149809F1-25AA-46D0-AD8F-0F29095BB427}.Release|x86.Build.0 = Release|Win32
		{F14A9BBD-982A-412F-AB66-5739A6D1EBF8}.Debug|ARM.ActiveCfg = Debug|Win32
		{F14A9BBD-982A-412F-AB66-5739A6D1EBF8}.Debug|ARM64.ActiveCfg = Debug|Win32
		{F14A9BBD-982A-412F-AB66-5739A6D1EBF8}.Debug|x64.ActiveCfg = Debug|x64
		{F14A9BBD-982A-412F-AB66-5739A6D1EBF8}.Debug|x64.Build.0 = Debug|x64
		{F14A9BBD-982A-412F-AB66-5739A6D1EBF8}.Debug|x86.ActiveCfg = Debug|Win32
		{F14A9BBD-982A-412F-AB66-5739A6D1EBF8}.Debug|x86.Build.0 = Debug|Win32
		{F14A9BBD-982A-412F-AB66-5739A6D1EBF8}.Release|ARM.ActiveCfg = Release|Win32
		{F14A9BBD-982A-412F-AB66-5739A6D1EBF8}.Release|ARM64.ActiveCfg = Release|Win32
		{F14A9BBD-982A-412F-AB66-5739A6D1EBF8}.Release|x64.ActiveCfg = Release|x64
		{F14A9BBD-982A-412F-AB66-5739A6D1EBF8}.Release|x64.Build.0 = Release|x64
		{F14A9BBD-982A-412F-AB66-5739A6D1EBF8}.Release|x86.ActiveCfg = Release|Win32
		{F14A9BBD-982A-412F-AB66-5739A6D1EBF8}.Release|x86.Build.0 = Release|Win32
		{9E87C5A8-4137-4B22-BDC6-E33FD34E87A8}.Debug|ARM.ActiveCfg = Debug|Win32
		{9E87C5A8-4137-4B22-BDC6-E33FD34E87A8}.Debug|ARM64.ActiveCfg = Debug|Win32
		{9E87C5A8-4137-4B22-BDC6-E33FD34E87A8}.Debug|x64.ActiveCfg = Debug|Win32
		{9E87C5A8-4137-4B22-BDC6-E33FD34E87A8}.Debug|x86.ActiveCfg = Debug|Win32
		{9E87C5A8-4137-4B22-BDC6-E33FD34E87A8}.Debug|x86.Build.0 = Debug|Win32
		{9E87C5A8-4137-4B22-BDC6-E33FD34E87A8}.Release|ARM.ActiveCfg = Release|Win32
		{9E87C5A8-4137-4B22-BDC6-E33FD34E87A8}.Release|ARM64.ActiveCfg = Release|Win32
		{9E87C5A8-4137-4B22-BDC6-E33FD34E87A8}.Release|x64.ActiveCfg = Release|Win32
		{9E87C5A8-4137-4B22-BDC6-E33FD34E87A8}.Release|x86.ActiveCfg = Release|Win32
		{9E87C5A8-4137-4B22-BDC6-E33FD34E87A8}.Release|x86.Build.0 = Release|Win32
		{FFB61EEC-0DE8-4FEA-9747-1CE3F6298F53}.Debug|ARM.ActiveCfg = Debug|Win32
		{FFB61EEC-0DE8-4FEA-9747-1CE3F6298F53}.Debug|ARM64.ActiveCfg = Debug|Win32
		{FFB61EEC-0DE8-4FEA-9747-1CE3F6298F53}.Debug|x64.ActiveCfg = Debug|x64
		{FFB61EEC-0DE8-4FEA-9747-1CE3F6298F53}.Debug|x64.Build.0 = Debug|x64
		{FFB61EEC-0DE8-4FEA-9747-1CE3F6298F53}.Debug|x86.ActiveCfg = Debug|Win32
		{FFB61EEC-0DE8-4FEA-9747-1CE3F6298F53}.Debug|x86.Build.0 = Debug|Win32
		{FFB61EEC-0DE8-4FEA-9747-1CE3F6298F53}.Release|ARM.ActiveCfg = Release|Win32
		{FFB61EEC-0DE8-4FEA-9747-1CE3F6298F53}.Release|ARM64.ActiveCfg = Release|Win32
		{FFB61EEC-0DE8-4FEA-9747-1CE3F6298F53}.Release|x64.ActiveCfg = Release|x64
		{FFB61EEC-0DE8-4FEA-9747-1CE3F6298F53}.Release|x64.Build.0 = Release|x64
		{FFB61EEC-0DE8-4FEA-9747-1CE3F6298F53}.Release|x86.ActiveCfg = Release|Win32
		{FFB61EEC-0DE8-4FEA-9747-1CE3F6298F53}.Release|x86.Build.0 = Release|Win32
		{6D99C968-BA10-4EA5-87F4-AB35C1A9AF12}.Debug|ARM.ActiveCfg = Debug|Win32
		{6D99C968-BA10-4EA5-87F4-AB35C1A9AF12}.Debug|ARM64.ActiveCfg = Debug|Win32
		{6D99C968-BA10-4EA5-87F4-AB35C1A9AF12}.Debug|x64.ActiveCfg = Debug|x64
		{6D99C968-BA10-4EA5-87F4-AB35C1A9AF12}.Debug|x64.Build.0 = Debug|x64
		{6D99C968-BA10-4EA5-87F4-AB35C1A9AF12}.Debug|x86.ActiveCfg = Debug|Win32
		{6D99C968-BA10-4EA5-87F4-AB35C1A9AF12}.Debug|x86.Build.0 = Debug|Win32
		{6D99C968-BA10-4EA5-87F4-AB35C1A9AF12}.Release|ARM.ActiveCfg = Release|Win32
		{6D99C968-BA10-4EA5-87F4-AB35C1A9AF12}.Release|ARM64.ActiveCfg = Release|Win32
		{6D99C968-BA10-4EA5-87F4-AB35C1A9AF12}.Release|x64.ActiveCfg = Release|x64
		{6D99C968-BA10-4EA5-87F4-AB35C1A9AF12}.Release|x64.Build.0 = Release|x64
		{6D99C968-BA10-4EA5-87F4-AB35C1A9AF12}.Release|x86.ActiveCfg = Release|Win32
		{6D99C968-BA10-4EA5-87F4-AB35C1A9AF12}.Release|x86.Build.0 = Release|Win32
		{C3177A7B-06E2-4663-8E10-02AF50C66AC2}.Debug|ARM.ActiveCfg = Debug|Win32
		{C3177A7B-06E2-4663-8E10-02AF50C66AC2}.Debug|ARM64.ActiveCfg = Debug|Win32
		{C3177A7B-06E2-4663-8E10-02AF50C66AC2}.Debug|x64.ActiveCfg = Debug|x64
		{C3177A7B-06E2-4663-8E10-02AF50C66AC2}.Debug|x64.Build.0 = Debug|x64
		{C3177A7B-06E2-4663-8E10-02AF50C66AC2}.Debug|x86.ActiveCfg = Debug|Win32
		{C3177A7B-06E2-4663-8E10-02AF50C66AC2}.Debug|x86.Build.0 = Debug|Win32
		{C3177A7B-06E2-4663-8E10-02AF50C66AC2}.Release|ARM.ActiveCfg = Release|Win32
		{C3177A7B-06E2-4663-8E10-02AF50C66AC2}.Release|ARM64.ActiveCfg = Release|Win32
		{C3177A7B-06E2-4663-8E10-02AF50C66AC2}.Release|x64.ActiveCfg = Release|x64
		{C3177A7B-06E2-4663-8E10-02AF50C66AC2}.Release|x64.Build.0 = Release|x64
		{C3177A7B-06E2-4663-8E10-02AF50C66AC2}.Release|x86.ActiveCfg = Release|Win32
		{C3177A7B-06E2-4663-8E10-02AF50C66AC2}.Release|x86.Build.0 = Release|Win32
		{3C820879-7A6B-4AAF-8967-32FFA699096D}.Debug|ARM.ActiveCfg = Debug|Win32
		{3C820879-7A6B-4AAF-8967-32FFA699096D}.Debug|ARM64.ActiveCfg = Debug|Win32
		{3C820879-7A6B-4AAF-8967-32FFA699096D}.Debug|x64.ActiveCfg = Debug|x64
		{3C820879-7A6B-4AAF-8967-32FFA699096D}.Debug|x64.Build.0 = Debug|x64
		{3C820879-7A6B-4AAF-8967-32FFA699096D}.Debug|x86.ActiveCfg = Debug|Win32
		{3C820879-7A6B-4AAF-8967-32FFA699096D}.Debug|x86.Build.0 = Debug|Win32
		{3C820879-7A6B-4AAF-8967-32FFA699096D}.Release|ARM.ActiveCfg = Release|Win32
		{3C820879-7A6B-4AAF-8967-32FFA699096D}.Release|ARM64.ActiveCfg = Release|Win32
		{3C820879-7A6B-4AAF-8967-32FFA699096D}.Release|x64.ActiveCfg = Release|x64
		{3C820879-7A6B-4AAF-8967-32FFA699096D}.Release|x64.Build.0 = Release|x64
		{3C820879-7A6B-4AAF-8967-32FFA699096D}.Release|x86.ActiveCfg = Release|Win32
		{3C820879-7A6B-4AAF-8967-32FFA699096D}.Release|x86.Build.0 = Release|Win32
	EndGlobalSection
	GlobalSection(SolutionProperties) = preSolution
		HideSolutionNode = FALSE
	EndGlobalSection
	GlobalSection(ExtensibilityGlobals) = postSolution
		SolutionGuid = {875DDCF4-098C-4A47-B5D3-977031893608}
	EndGlobalSection
EndGlobal
